
Microsoft Visual Studio Solution File, Format Version 12.00
# Visual Studio 15
VisualStudioVersion = 15.0.28307.539
MinimumVisualStudioVersion = 10.0.40219.1
Project("{FAE04EC0-301F-11D3-BF4B-00C04F79EFBC}") = "DrawNew.Android", "DrawNew\DrawNew.Android\DrawNew.Android.csproj", "{A0F8A486-CDB7-4D41-9E5F-7663F20828DC}"
EndProject
Project("{FAE04EC0-301F-11D3-BF4B-00C04F79EFBC}") = "DrawNew.iOS", "DrawNew\DrawNew.iOS\DrawNew.iOS.csproj", "{6A83B35B-3CE7-4851-9BDF-5367E8473CAC}"
EndProject
Project("{FAE04EC0-301F-11D3-BF4B-00C04F79EFBC}") = "DrawNew", "DrawNew\DrawNew\DrawNew.csproj", "{17F3D8EA-E5BF-401E-B950-52BF7DA695D8}"
EndProject
Global
	GlobalSection(SolutionConfigurationPlatforms) = preSolution
		Ad-Hoc|Any CPU = Ad-Hoc|Any CPU
		Ad-Hoc|iPhone = Ad-Hoc|iPhone
		Ad-Hoc|iPhoneSimulator = Ad-Hoc|iPhoneSimulator
		AppStore|Any CPU = AppStore|Any CPU
		AppStore|iPhone = AppStore|iPhone
		AppStore|iPhoneSimulator = AppStore|iPhoneSimulator
		Debug|Any CPU = Debug|Any CPU
		Debug|iPhone = Debug|iPhone
		Debug|iPhoneSimulator = Debug|iPhoneSimulator
		Release|Any CPU = Release|Any CPU
		Release|iPhone = Release|iPhone
		Release|iPhoneSimulator = Release|iPhoneSimulator
	EndGlobalSection
	GlobalSection(ProjectConfigurationPlatforms) = postSolution
		{A0F8A486-CDB7-4D41-9E5F-7663F20828DC}.Ad-Hoc|Any CPU.ActiveCfg = Release|Any CPU
		{A0F8A486-CDB7-4D41-9E5F-7663F20828DC}.Ad-Hoc|Any CPU.Build.0 = Release|Any CPU
		{A0F8A486-CDB7-4D41-9E5F-7663F20828DC}.Ad-Hoc|Any CPU.Deploy.0 = Release|Any CPU
		{A0F8A486-CDB7-4D41-9E5F-7663F20828DC}.Ad-Hoc|iPhone.ActiveCfg = Release|Any CPU
		{A0F8A486-CDB7-4D41-9E5F-7663F20828DC}.Ad-Hoc|iPhone.Build.0 = Release|Any CPU
		{A0F8A486-CDB7-4D41-9E5F-7663F20828DC}.Ad-Hoc|iPhone.Deploy.0 = Release|Any CPU
		{A0F8A486-CDB7-4D41-9E5F-7663F20828DC}.Ad-Hoc|iPhoneSimulator.ActiveCfg = Release|Any CPU
		{A0F8A486-CDB7-4D41-9E5F-7663F20828DC}.Ad-Hoc|iPhoneSimulator.Build.0 = Release|Any CPU
		{A0F8A486-CDB7-4D41-9E5F-7663F20828DC}.Ad-Hoc|iPhoneSimulator.Deploy.0 = Release|Any CPU
		{A0F8A486-CDB7-4D41-9E5F-7663F20828DC}.AppStore|Any CPU.ActiveCfg = Release|Any CPU
		{A0F8A486-CDB7-4D41-9E5F-7663F20828DC}.AppStore|Any CPU.Build.0 = Release|Any CPU
		{A0F8A486-CDB7-4D41-9E5F-7663F20828DC}.AppStore|Any CPU.Deploy.0 = Release|Any CPU
		{A0F8A486-CDB7-4D41-9E5F-7663F20828DC}.AppStore|iPhone.ActiveCfg = Release|Any CPU
		{A0F8A486-CDB7-4D41-9E5F-7663F20828DC}.AppStore|iPhone.Build.0 = Release|Any CPU
		{A0F8A486-CDB7-4D41-9E5F-7663F20828DC}.AppStore|iPhone.Deploy.0 = Release|Any CPU
		{A0F8A486-CDB7-4D41-9E5F-7663F20828DC}.AppStore|iPhoneSimulator.ActiveCfg = Release|Any CPU
		{A0F8A486-CDB7-4D41-9E5F-7663F20828DC}.AppStore|iPhoneSimulator.Build.0 = Release|Any CPU
		{A0F8A486-CDB7-4D41-9E5F-7663F20828DC}.AppStore|iPhoneSimulator.Deploy.0 = Release|Any CPU
		{A0F8A486-CDB7-4D41-9E5F-7663F20828DC}.Debug|Any CPU.ActiveCfg = Debug|Any CPU
		{A0F8A486-CDB7-4D41-9E5F-7663F20828DC}.Debug|Any CPU.Build.0 = Debug|Any CPU
		{A0F8A486-CDB7-4D41-9E5F-7663F20828DC}.Debug|Any CPU.Deploy.0 = Debug|Any CPU
		{A0F8A486-CDB7-4D41-9E5F-7663F20828DC}.Debug|iPhone.ActiveCfg = Debug|Any CPU
		{A0F8A486-CDB7-4D41-9E5F-7663F20828DC}.Debug|iPhone.Build.0 = Debug|Any CPU
		{A0F8A486-CDB7-4D41-9E5F-7663F20828DC}.Debug|iPhone.Deploy.0 = Debug|Any CPU
		{A0F8A486-CDB7-4D41-9E5F-7663F20828DC}.Debug|iPhoneSimulator.ActiveCfg = Debug|Any CPU
		{A0F8A486-CDB7-4D41-9E5F-7663F20828DC}.Debug|iPhoneSimulator.Build.0 = Debug|Any CPU
		{A0F8A486-CDB7-4D41-9E5F-7663F20828DC}.Debug|iPhoneSimulator.Deploy.0 = Debug|Any CPU
		{A0F8A486-CDB7-4D41-9E5F-7663F20828DC}.Release|Any CPU.ActiveCfg = Release|Any CPU
		{A0F8A486-CDB7-4D41-9E5F-7663F20828DC}.Release|Any CPU.Build.0 = Release|Any CPU
		{A0F8A486-CDB7-4D41-9E5F-7663F20828DC}.Release|Any CPU.Deploy.0 = Release|Any CPU
		{A0F8A486-CDB7-4D41-9E5F-7663F20828DC}.Release|iPhone.ActiveCfg = Release|Any CPU
		{A0F8A486-CDB7-4D41-9E5F-7663F20828DC}.Release|iPhone.Build.0 = Release|Any CPU
		{A0F8A486-CDB7-4D41-9E5F-7663F20828DC}.Release|iPhone.Deploy.0 = Release|Any CPU
		{A0F8A486-CDB7-4D41-9E5F-7663F20828DC}.Release|iPhoneSimulator.ActiveCfg = Release|Any CPU
		{A0F8A486-CDB7-4D41-9E5F-7663F20828DC}.Release|iPhoneSimulator.Build.0 = Release|Any CPU
		{A0F8A486-CDB7-4D41-9E5F-7663F20828DC}.Release|iPhoneSimulator.Deploy.0 = Release|Any CPU
		{6A83B35B-3CE7-4851-9BDF-5367E8473CAC}.Ad-Hoc|Any CPU.ActiveCfg = Ad-Hoc|iPhone
		{6A83B35B-3CE7-4851-9BDF-5367E8473CAC}.Ad-Hoc|Any CPU.Build.0 = Ad-Hoc|iPhone
		{6A83B35B-3CE7-4851-9BDF-5367E8473CAC}.Ad-Hoc|Any CPU.Deploy.0 = Ad-Hoc|iPhone
		{6A83B35B-3CE7-4851-9BDF-5367E8473CAC}.Ad-Hoc|iPhone.ActiveCfg = Ad-Hoc|iPhone
		{6A83B35B-3CE7-4851-9BDF-5367E8473CAC}.Ad-Hoc|iPhone.Build.0 = Ad-Hoc|iPhone
		{6A83B35B-3CE7-4851-9BDF-5367E8473CAC}.Ad-Hoc|iPhone.Deploy.0 = Ad-Hoc|iPhone
		{6A83B35B-3CE7-4851-9BDF-5367E8473CAC}.Ad-Hoc|iPhoneSimulator.ActiveCfg = Ad-Hoc|iPhoneSimulator
		{6A83B35B-3CE7-4851-9BDF-5367E8473CAC}.Ad-Hoc|iPhoneSimulator.Build.0 = Ad-Hoc|iPhoneSimulator
		{6A83B35B-3CE7-4851-9BDF-5367E8473CAC}.Ad-Hoc|iPhoneSimulator.Deploy.0 = Ad-Hoc|iPhoneSimulator
		{6A83B35B-3CE7-4851-9BDF-5367E8473CAC}.AppStore|Any CPU.ActiveCfg = AppStore|iPhone
		{6A83B35B-3CE7-4851-9BDF-5367E8473CAC}.AppStore|Any CPU.Build.0 = AppStore|iPhone
		{6A83B35B-3CE7-4851-9BDF-5367E8473CAC}.AppStore|Any CPU.Deploy.0 = AppStore|iPhone
		{6A83B35B-3CE7-4851-9BDF-5367E8473CAC}.AppStore|iPhone.ActiveCfg = AppStore|iPhone
		{6A83B35B-3CE7-4851-9BDF-5367E8473CAC}.AppStore|iPhone.Build.0 = AppStore|iPhone
		{6A83B35B-3CE7-4851-9BDF-5367E8473CAC}.AppStore|iPhone.Deploy.0 = AppStore|iPhone
		{6A83B35B-3CE7-4851-9BDF-5367E8473CAC}.AppStore|iPhoneSimulator.ActiveCfg = AppStore|iPhoneSimulator
		{6A83B35B-3CE7-4851-9BDF-5367E8473CAC}.AppStore|iPhoneSimulator.Build.0 = AppStore|iPhoneSimulator
		{6A83B35B-3CE7-4851-9BDF-5367E8473CAC}.AppStore|iPhoneSimulator.Deploy.0 = AppStore|iPhoneSimulator
		{6A83B35B-3CE7-4851-9BDF-5367E8473CAC}.Debug|Any CPU.ActiveCfg = Debug|iPhoneSimulator
		{6A83B35B-3CE7-4851-9BDF-5367E8473CAC}.Debug|Any CPU.Build.0 = Debug|iPhoneSimulator
		{6A83B35B-3CE7-4851-9BDF-5367E8473CAC}.Debug|Any CPU.Deploy.0 = Debug|iPhoneSimulator
		{6A83B35B-3CE7-4851-9BDF-5367E8473CAC}.Debug|iPhone.ActiveCfg = Debug|iPhone
		{6A83B35B-3CE7-4851-9BDF-5367E8473CAC}.Debug|iPhone.Build.0 = Debug|iPhone
		{6A83B35B-3CE7-4851-9BDF-5367E8473CAC}.Debug|iPhone.Deploy.0 = Debug|iPhone
		{6A83B35B-3CE7-4851-9BDF-5367E8473CAC}.Debug|iPhoneSimulator.ActiveCfg = Debug|iPhoneSimulator
		{6A83B35B-3CE7-4851-9BDF-5367E8473CAC}.Debug|iPhoneSimulator.Build.0 = Debug|iPhoneSimulator
		{6A83B35B-3CE7-4851-9BDF-5367E8473CAC}.Debug|iPhoneSimulator.Deploy.0 = Debug|iPhoneSimulator
		{6A83B35B-3CE7-4851-9BDF-5367E8473CAC}.Release|Any CPU.ActiveCfg = Release|iPhone
		{6A83B35B-3CE7-4851-9BDF-5367E8473CAC}.Release|Any CPU.Build.0 = Release|iPhone
		{6A83B35B-3CE7-4851-9BDF-5367E8473CAC}.Release|Any CPU.Deploy.0 = Release|iPhone
		{6A83B35B-3CE7-4851-9BDF-5367E8473CAC}.Release|iPhone.ActiveCfg = Release|iPhone
		{6A83B35B-3CE7-4851-9BDF-5367E8473CAC}.Release|iPhone.Build.0 = Release|iPhone
		{6A83B35B-3CE7-4851-9BDF-5367E8473CAC}.Release|iPhone.Deploy.0 = Release|iPhone
		{6A83B35B-3CE7-4851-9BDF-5367E8473CAC}.Release|iPhoneSimulator.ActiveCfg = Release|iPhoneSimulator
		{6A83B35B-3CE7-4851-9BDF-5367E8473CAC}.Release|iPhoneSimulator.Build.0 = Release|iPhoneSimulator
		{6A83B35B-3CE7-4851-9BDF-5367E8473CAC}.Release|iPhoneSimulator.Deploy.0 = Release|iPhoneSimulator
		{17F3D8EA-E5BF-401E-B950-52BF7DA695D8}.Ad-Hoc|Any CPU.ActiveCfg = Debug|Any CPU
		{17F3D8EA-E5BF-401E-B950-52BF7DA695D8}.Ad-Hoc|Any CPU.Build.0 = Debug|Any CPU
		{17F3D8EA-E5BF-401E-B950-52BF7DA695D8}.Ad-Hoc|Any CPU.Deploy.0 = Debug|Any CPU
		{17F3D8EA-E5BF-401E-B950-52BF7DA695D8}.Ad-Hoc|iPhone.ActiveCfg = Debug|Any CPU
		{17F3D8EA-E5BF-401E-B950-52BF7DA695D8}.Ad-Hoc|iPhone.Build.0 = Debug|Any CPU
		{17F3D8EA-E5BF-401E-B950-52BF7DA695D8}.Ad-Hoc|iPhone.Deploy.0 = Debug|Any CPU
		{17F3D8EA-E5BF-401E-B950-52BF7DA695D8}.Ad-Hoc|iPhoneSimulator.ActiveCfg = Debug|Any CPU
		{17F3D8EA-E5BF-401E-B950-52BF7DA695D8}.Ad-Hoc|iPhoneSimulator.Build.0 = Debug|Any CPU
		{17F3D8EA-E5BF-401E-B950-52BF7DA695D8}.Ad-Hoc|iPhoneSimulator.Deploy.0 = Debug|Any CPU
		{17F3D8EA-E5BF-401E-B950-52BF7DA695D8}.AppStore|Any CPU.ActiveCfg = Debug|Any CPU
		{17F3D8EA-E5BF-401E-B950-52BF7DA695D8}.AppStore|Any CPU.Build.0 = Debug|Any CPU
		{17F3D8EA-E5BF-401E-B950-52BF7DA695D8}.AppStore|Any CPU.Deploy.0 = Debug|Any CPU
		{17F3D8EA-E5BF-401E-B950-52BF7DA695D8}.AppStore|iPhone.ActiveCfg = Debug|Any CPU
		{17F3D8EA-E5BF-401E-B950-52BF7DA695D8}.AppStore|iPhone.Build.0 = Debug|Any CPU
		{17F3D8EA-E5BF-401E-B950-52BF7DA695D8}.AppStore|iPhone.Deploy.0 = Debug|Any CPU
		{17F3D8EA-E5BF-401E-B950-52BF7DA695D8}.AppStore|iPhoneSimulator.ActiveCfg = Debug|Any CPU
		{17F3D8EA-E5BF-401E-B950-52BF7DA695D8}.AppStore|iPhoneSimulator.Build.0 = Debug|Any CPU
		{17F3D8EA-E5BF-401E-B950-52BF7DA695D8}.AppStore|iPhoneSimulator.Deploy.0 = Debug|Any CPU
		{17F3D8EA-E5BF-401E-B950-52BF7DA695D8}.Debug|Any CPU.ActiveCfg = Debug|Any CPU
		{17F3D8EA-E5BF-401E-B950-52BF7DA695D8}.Debug|Any CPU.Build.0 = Debug|Any CPU
		{17F3D8EA-E5BF-401E-B950-52BF7DA695D8}.Debug|Any CPU.Deploy.0 = Debug|Any CPU
		{17F3D8EA-E5BF-401E-B950-52BF7DA695D8}.Debug|iPhone.ActiveCfg = Debug|Any CPU
		{17F3D8EA-E5BF-401E-B950-52BF7DA695D8}.Debug|iPhone.Build.0 = Debug|Any CPU
		{17F3D8EA-E5BF-401E-B950-52BF7DA695D8}.Debug|iPhone.Deploy.0 = Debug|Any CPU
		{17F3D8EA-E5BF-401E-B950-52BF7DA695D8}.Debug|iPhoneSimulator.ActiveCfg = Debug|Any CPU
		{17F3D8EA-E5BF-401E-B950-52BF7DA695D8}.Debug|iPhoneSimulator.Build.0 = Debug|Any CPU
		{17F3D8EA-E5BF-401E-B950-52BF7DA695D8}.Debug|iPhoneSimulator.Deploy.0 = Debug|Any CPU
		{17F3D8EA-E5BF-401E-B950-52BF7DA695D8}.Release|Any CPU.ActiveCfg = Release|Any CPU
		{17F3D8EA-E5BF-401E-B950-52BF7DA695D8}.Release|Any CPU.Build.0 = Release|Any CPU
		{17F3D8EA-E5BF-401E-B950-52BF7DA695D8}.Release|Any CPU.Deploy.0 = Release|Any CPU
		{17F3D8EA-E5BF-401E-B950-52BF7DA695D8}.Release|iPhone.ActiveCfg = Release|Any CPU
		{17F3D8EA-E5BF-401E-B950-52BF7DA695D8}.Release|iPhone.Build.0 = Release|Any CPU
		{17F3D8EA-E5BF-401E-B950-52BF7DA695D8}.Release|iPhone.Deploy.0 = Release|Any CPU
		{17F3D8EA-E5BF-401E-B950-52BF7DA695D8}.Release|iPhoneSimulator.ActiveCfg = Release|Any CPU
		{17F3D8EA-E5BF-401E-B950-52BF7DA695D8}.Release|iPhoneSimulator.Build.0 = Release|Any CPU
		{17F3D8EA-E5BF-401E-B950-52BF7DA695D8}.Release|iPhoneSimulator.Deploy.0 = Release|Any CPU
	EndGlobalSection
	GlobalSection(SolutionProperties) = preSolution
		HideSolutionNode = FALSE
	EndGlobalSection
	GlobalSection(ExtensibilityGlobals) = postSolution
		SolutionGuid = {B8C3C6E2-B1A6-4504-9784-0073C834F24B}
	EndGlobalSection
EndGlobal
